
Microsoft Visual Studio Solution File, Format Version 12.00
# Visual Studio Version 16
VisualStudioVersion = 16.0.30804.86
MinimumVisualStudioVersion = 10.0.40219.1
Project("{9A19103F-16F7-4668-BE54-9A1E7A4F7556}") = "Server", "Server.csproj", "{4EE5B21B-4506-4057-AFD7-ECE51C0C41EB}"
EndProject
Project("{9A19103F-16F7-4668-BE54-9A1E7A4F7556}") = "cs_packages", "..\..\..\client_packages\cs_packages\cs_packages.csproj", "{57F01673-27F5-4172-867E-87740484F1E6}"
EndProject
Project("{2150E333-8FDC-42A3-9474-1A3956D46DE8}") = "Solution Items", "Solution Items", "{B743F729-4BC1-4DE4-B4F6-9A8EE7B7877E}"
	ProjectSection(SolutionItems) = preProject
		..\..\..\.gitattributes = ..\..\..\.gitattributes
		..\..\..\.gitignore = ..\..\..\.gitignore
	EndProjectSection
EndProject
Global
	GlobalSection(SolutionConfigurationPlatforms) = preSolution
		Debug|Any CPU = Debug|Any CPU
		Release|Any CPU = Release|Any CPU
	EndGlobalSection
	GlobalSection(ProjectConfigurationPlatforms) = postSolution
		{4EE5B21B-4506-4057-AFD7-ECE51C0C41EB}.Debug|Any CPU.ActiveCfg = Debug|Any CPU
		{4EE5B21B-4506-4057-AFD7-ECE51C0C41EB}.Debug|Any CPU.Build.0 = Debug|Any CPU
		{4EE5B21B-4506-4057-AFD7-ECE51C0C41EB}.Release|Any CPU.ActiveCfg = Release|Any CPU
		{4EE5B21B-4506-4057-AFD7-ECE51C0C41EB}.Release|Any CPU.Build.0 = Release|Any CPU
		{57F01673-27F5-4172-867E-87740484F1E6}.Debug|Any CPU.ActiveCfg = Debug|Any CPU
		{57F01673-27F5-4172-867E-87740484F1E6}.Debug|Any CPU.Build.0 = Debug|Any CPU
		{57F01673-27F5-4172-867E-87740484F1E6}.Release|Any CPU.ActiveCfg = Release|Any CPU
		{57F01673-27F5-4172-867E-87740484F1E6}.Release|Any CPU.Build.0 = Release|Any CPU
	EndGlobalSection
	GlobalSection(SolutionProperties) = preSolution
		HideSolutionNode = FALSE
	EndGlobalSection
	GlobalSection(ExtensibilityGlobals) = postSolution
		SolutionGuid = {AFE57351-D247-4FE7-8A66-69B1D52B4A50}
	EndGlobalSection
EndGlobal
